
Microsoft Visual Studio Solution File, Format Version 12.00
# Visual Studio 14
VisualStudioVersion = 14.0.23107.0
MinimumVisualStudioVersion = 10.0.40219.1
Project("{FAE04EC0-301F-11D3-BF4B-00C04F79EFBC}") = "ConvertToXNAContent", "ConvertToXNAContent\ConvertToXNAContent.csproj", "{9D9BD46A-0F42-46A3-9597-114173CE1DFD}"
EndProject
Project("{FAE04EC0-301F-11D3-BF4B-00C04F79EFBC}") = "Inlumino_ANDROID", "Inlumino_ANDROID\Inlumino_ANDROID.csproj", "{91FA648F-3D12-4BED-8AA3-A0CAC72FFB62}"
EndProject
Project("{D954291E-2A0B-460D-934E-DC6B0785DB48}") = "Inlumino_SHARED", "Shared\Inlumino_SHARED.shproj", "{2DACED7D-17D7-444E-B59F-B4ACCFCD33E9}"
EndProject
Project("{FAE04EC0-301F-11D3-BF4B-00C04F79EFBC}") = "Inlumino_UAP", "Inlumino_UAP\Inlumino_UAP.csproj", "{B4E2920D-489E-43E7-A671-B1BA5EC19C47}"
EndProject
Project("{FAE04EC0-301F-11D3-BF4B-00C04F79EFBC}") = "Inlumino_WP81", "Inlumino_WP81\Inlumino_WP81.csproj", "{AC1DF8F5-48B4-44F9-A6E3-0F71D061321C}"
EndProject
Global
	GlobalSection(SharedMSBuildProjectFiles) = preSolution
		Shared\Shared.projitems*{2daced7d-17d7-444e-b59f-b4accfcd33e9}*SharedItemsImports = 13
		Shared\Shared.projitems*{ac1df8f5-48b4-44f9-a6e3-0f71d061321c}*SharedItemsImports = 4
		Shared\Shared.projitems*{91fa648f-3d12-4bed-8aa3-a0cac72ffb62}*SharedItemsImports = 4
		Shared\Shared.projitems*{b4e2920d-489e-43e7-a671-b1ba5ec19c47}*SharedItemsImports = 4
	EndGlobalSection
	GlobalSection(SolutionConfigurationPlatforms) = preSolution
		Android|Any CPU = Android|Any CPU
		Android|ARM = Android|ARM
		Android|x64 = Android|x64
		Android|x86 = Android|x86
		Debug|Any CPU = Debug|Any CPU
		Debug|ARM = Debug|ARM
		Debug|x64 = Debug|x64
		Debug|x86 = Debug|x86
		iOS|Any CPU = iOS|Any CPU
		iOS|ARM = iOS|ARM
		iOS|x64 = iOS|x64
		iOS|x86 = iOS|x86
		Linux|Any CPU = Linux|Any CPU
		Linux|ARM = Linux|ARM
		Linux|x64 = Linux|x64
		Linux|x86 = Linux|x86
		OSX|Any CPU = OSX|Any CPU
		OSX|ARM = OSX|ARM
		OSX|x64 = OSX|x64
		OSX|x86 = OSX|x86
		PSM|Any CPU = PSM|Any CPU
		PSM|ARM = PSM|ARM
		PSM|x64 = PSM|x64
		PSM|x86 = PSM|x86
		Release|Any CPU = Release|Any CPU
		Release|ARM = Release|ARM
		Release|x64 = Release|x64
		Release|x86 = Release|x86
		Windows|Any CPU = Windows|Any CPU
		Windows|ARM = Windows|ARM
		Windows|x64 = Windows|x64
		Windows|x86 = Windows|x86
		Windows8|Any CPU = Windows8|Any CPU
		Windows8|ARM = Windows8|ARM
		Windows8|x64 = Windows8|x64
		Windows8|x86 = Windows8|x86
	EndGlobalSection
	GlobalSection(ProjectConfigurationPlatforms) = postSolution
		{9D9BD46A-0F42-46A3-9597-114173CE1DFD}.Android|Any CPU.ActiveCfg = Release|Any CPU
		{9D9BD46A-0F42-46A3-9597-114173CE1DFD}.Android|Any CPU.Build.0 = Release|Any CPU
		{9D9BD46A-0F42-46A3-9597-114173CE1DFD}.Android|ARM.ActiveCfg = Release|Any CPU
		{9D9BD46A-0F42-46A3-9597-114173CE1DFD}.Android|ARM.Build.0 = Release|Any CPU
		{9D9BD46A-0F42-46A3-9597-114173CE1DFD}.Android|x64.ActiveCfg = Release|Any CPU
		{9D9BD46A-0F42-46A3-9597-114173CE1DFD}.Android|x64.Build.0 = Release|Any CPU
		{9D9BD46A-0F42-46A3-9597-114173CE1DFD}.Android|x86.ActiveCfg = Release|Any CPU
		{9D9BD46A-0F42-46A3-9597-114173CE1DFD}.Android|x86.Build.0 = Release|Any CPU
		{9D9BD46A-0F42-46A3-9597-114173CE1DFD}.Debug|Any CPU.ActiveCfg = Debug|Any CPU
		{9D9BD46A-0F42-46A3-9597-114173CE1DFD}.Debug|Any CPU.Build.0 = Debug|Any CPU
		{9D9BD46A-0F42-46A3-9597-114173CE1DFD}.Debug|ARM.ActiveCfg = Debug|Any CPU
		{9D9BD46A-0F42-46A3-9597-114173CE1DFD}.Debug|ARM.Build.0 = Debug|Any CPU
		{9D9BD46A-0F42-46A3-9597-114173CE1DFD}.Debug|x64.ActiveCfg = Debug|Any CPU
		{9D9BD46A-0F42-46A3-9597-114173CE1DFD}.Debug|x64.Build.0 = Debug|Any CPU
		{9D9BD46A-0F42-46A3-9597-114173CE1DFD}.Debug|x86.ActiveCfg = Debug|Any CPU
		{9D9BD46A-0F42-46A3-9597-114173CE1DFD}.Debug|x86.Build.0 = Debug|Any CPU
		{9D9BD46A-0F42-46A3-9597-114173CE1DFD}.iOS|Any CPU.ActiveCfg = Release|Any CPU
		{9D9BD46A-0F42-46A3-9597-114173CE1DFD}.iOS|Any CPU.Build.0 = Release|Any CPU
		{9D9BD46A-0F42-46A3-9597-114173CE1DFD}.iOS|ARM.ActiveCfg = Release|Any CPU
		{9D9BD46A-0F42-46A3-9597-114173CE1DFD}.iOS|ARM.Build.0 = Release|Any CPU
		{9D9BD46A-0F42-46A3-9597-114173CE1DFD}.iOS|x64.ActiveCfg = Release|Any CPU
		{9D9BD46A-0F42-46A3-9597-114173CE1DFD}.iOS|x64.Build.0 = Release|Any CPU
		{9D9BD46A-0F42-46A3-9597-114173CE1DFD}.iOS|x86.ActiveCfg = Release|Any CPU
		{9D9BD46A-0F42-46A3-9597-114173CE1DFD}.iOS|x86.Build.0 = Release|Any CPU
		{9D9BD46A-0F42-46A3-9597-114173CE1DFD}.Linux|Any CPU.ActiveCfg = Release|Any CPU
		{9D9BD46A-0F42-46A3-9597-114173CE1DFD}.Linux|Any CPU.Build.0 = Release|Any CPU
		{9D9BD46A-0F42-46A3-9597-114173CE1DFD}.Linux|ARM.ActiveCfg = Release|Any CPU
		{9D9BD46A-0F42-46A3-9597-114173CE1DFD}.Linux|ARM.Build.0 = Release|Any CPU
		{9D9BD46A-0F42-46A3-9597-114173CE1DFD}.Linux|x64.ActiveCfg = Release|Any CPU
		{9D9BD46A-0F42-46A3-9597-114173CE1DFD}.Linux|x64.Build.0 = Release|Any CPU
		{9D9BD46A-0F42-46A3-9597-114173CE1DFD}.Linux|x86.ActiveCfg = Release|Any CPU
		{9D9BD46A-0F42-46A3-9597-114173CE1DFD}.Linux|x86.Build.0 = Release|Any CPU
		{9D9BD46A-0F42-46A3-9597-114173CE1DFD}.OSX|Any CPU.ActiveCfg = Release|Any CPU
		{9D9BD46A-0F42-46A3-9597-114173CE1DFD}.OSX|Any CPU.Build.0 = Release|Any CPU
		{9D9BD46A-0F42-46A3-9597-114173CE1DFD}.OSX|ARM.ActiveCfg = Release|Any CPU
		{9D9BD46A-0F42-46A3-9597-114173CE1DFD}.OSX|ARM.Build.0 = Release|Any CPU
		{9D9BD46A-0F42-46A3-9597-114173CE1DFD}.OSX|x64.ActiveCfg = Release|Any CPU
		{9D9BD46A-0F42-46A3-9597-114173CE1DFD}.OSX|x64.Build.0 = Release|Any CPU
		{9D9BD46A-0F42-46A3-9597-114173CE1DFD}.OSX|x86.ActiveCfg = Release|Any CPU
		{9D9BD46A-0F42-46A3-9597-114173CE1DFD}.OSX|x86.Build.0 = Release|Any CPU
		{9D9BD46A-0F42-46A3-9597-114173CE1DFD}.PSM|Any CPU.ActiveCfg = Release|Any CPU
		{9D9BD46A-0F42-46A3-9597-114173CE1DFD}.PSM|Any CPU.Build.0 = Release|Any CPU
		{9D9BD46A-0F42-46A3-9597-114173CE1DFD}.PSM|ARM.ActiveCfg = Release|Any CPU
		{9D9BD46A-0F42-46A3-9597-114173CE1DFD}.PSM|ARM.Build.0 = Release|Any CPU
		{9D9BD46A-0F42-46A3-9597-114173CE1DFD}.PSM|x64.ActiveCfg = Release|Any CPU
		{9D9BD46A-0F42-46A3-9597-114173CE1DFD}.PSM|x64.Build.0 = Release|Any CPU
		{9D9BD46A-0F42-46A3-9597-114173CE1DFD}.PSM|x86.ActiveCfg = Release|Any CPU
		{9D9BD46A-0F42-46A3-9597-114173CE1DFD}.PSM|x86.Build.0 = Release|Any CPU
		{9D9BD46A-0F42-46A3-9597-114173CE1DFD}.Release|Any CPU.ActiveCfg = Release|Any CPU
		{9D9BD46A-0F42-46A3-9597-114173CE1DFD}.Release|Any CPU.Build.0 = Release|Any CPU
		{9D9BD46A-0F42-46A3-9597-114173CE1DFD}.Release|ARM.ActiveCfg = Release|Any CPU
		{9D9BD46A-0F42-46A3-9597-114173CE1DFD}.Release|ARM.Build.0 = Release|Any CPU
		{9D9BD46A-0F42-46A3-9597-114173CE1DFD}.Release|x64.ActiveCfg = Release|Any CPU
		{9D9BD46A-0F42-46A3-9597-114173CE1DFD}.Release|x64.Build.0 = Release|Any CPU
		{9D9BD46A-0F42-46A3-9597-114173CE1DFD}.Release|x86.ActiveCfg = Release|Any CPU
		{9D9BD46A-0F42-46A3-9597-114173CE1DFD}.Release|x86.Build.0 = Release|Any CPU
		{9D9BD46A-0F42-46A3-9597-114173CE1DFD}.Windows|Any CPU.ActiveCfg = Release|Any CPU
		{9D9BD46A-0F42-46A3-9597-114173CE1DFD}.Windows|Any CPU.Build.0 = Release|Any CPU
		{9D9BD46A-0F42-46A3-9597-114173CE1DFD}.Windows|ARM.ActiveCfg = Release|Any CPU
		{9D9BD46A-0F42-46A3-9597-114173CE1DFD}.Windows|ARM.Build.0 = Release|Any CPU
		{9D9BD46A-0F42-46A3-9597-114173CE1DFD}.Windows|x64.ActiveCfg = Release|Any CPU
		{9D9BD46A-0F42-46A3-9597-114173CE1DFD}.Windows|x64.Build.0 = Release|Any CPU
		{9D9BD46A-0F42-46A3-9597-114173CE1DFD}.Windows|x86.ActiveCfg = Release|Any CPU
		{9D9BD46A-0F42-46A3-9597-114173CE1DFD}.Windows|x86.Build.0 = Release|Any CPU
		{9D9BD46A-0F42-46A3-9597-114173CE1DFD}.Windows8|Any CPU.ActiveCfg = Release|Any CPU
		{9D9BD46A-0F42-46A3-9597-114173CE1DFD}.Windows8|Any CPU.Build.0 = Release|Any CPU
		{9D9BD46A-0F42-46A3-9597-114173CE1DFD}.Windows8|ARM.ActiveCfg = Release|Any CPU
		{9D9BD46A-0F42-46A3-9597-114173CE1DFD}.Windows8|ARM.Build.0 = Release|Any CPU
		{9D9BD46A-0F42-46A3-9597-114173CE1DFD}.Windows8|x64.ActiveCfg = Release|Any CPU
		{9D9BD46A-0F42-46A3-9597-114173CE1DFD}.Windows8|x64.Build.0 = Release|Any CPU
		{9D9BD46A-0F42-46A3-9597-114173CE1DFD}.Windows8|x86.ActiveCfg = Release|Any CPU
		{9D9BD46A-0F42-46A3-9597-114173CE1DFD}.Windows8|x86.Build.0 = Release|Any CPU
		{91FA648F-3D12-4BED-8AA3-A0CAC72FFB62}.Android|Any CPU.ActiveCfg = Release|Any CPU
		{91FA648F-3D12-4BED-8AA3-A0CAC72FFB62}.Android|Any CPU.Build.0 = Release|Any CPU
		{91FA648F-3D12-4BED-8AA3-A0CAC72FFB62}.Android|Any CPU.Deploy.0 = Release|Any CPU
		{91FA648F-3D12-4BED-8AA3-A0CAC72FFB62}.Android|ARM.ActiveCfg = Release|Any CPU
		{91FA648F-3D12-4BED-8AA3-A0CAC72FFB62}.Android|ARM.Build.0 = Release|Any CPU
		{91FA648F-3D12-4BED-8AA3-A0CAC72FFB62}.Android|ARM.Deploy.0 = Release|Any CPU
		{91FA648F-3D12-4BED-8AA3-A0CAC72FFB62}.Android|x64.ActiveCfg = Release|Any CPU
		{91FA648F-3D12-4BED-8AA3-A0CAC72FFB62}.Android|x64.Build.0 = Release|Any CPU
		{91FA648F-3D12-4BED-8AA3-A0CAC72FFB62}.Android|x64.Deploy.0 = Release|Any CPU
		{91FA648F-3D12-4BED-8AA3-A0CAC72FFB62}.Android|x86.ActiveCfg = Release|Any CPU
		{91FA648F-3D12-4BED-8AA3-A0CAC72FFB62}.Android|x86.Build.0 = Release|Any CPU
		{91FA648F-3D12-4BED-8AA3-A0CAC72FFB62}.Android|x86.Deploy.0 = Release|Any CPU
		{91FA648F-3D12-4BED-8AA3-A0CAC72FFB62}.Debug|Any CPU.ActiveCfg = Debug|Any CPU
		{91FA648F-3D12-4BED-8AA3-A0CAC72FFB62}.Debug|Any CPU.Build.0 = Debug|Any CPU
		{91FA648F-3D12-4BED-8AA3-A0CAC72FFB62}.Debug|Any CPU.Deploy.0 = Debug|Any CPU
		{91FA648F-3D12-4BED-8AA3-A0CAC72FFB62}.Debug|ARM.ActiveCfg = Debug|Any CPU
		{91FA648F-3D12-4BED-8AA3-A0CAC72FFB62}.Debug|ARM.Build.0 = Debug|Any CPU
		{91FA648F-3D12-4BED-8AA3-A0CAC72FFB62}.Debug|ARM.Deploy.0 = Debug|Any CPU
		{91FA648F-3D12-4BED-8AA3-A0CAC72FFB62}.Debug|x64.ActiveCfg = Debug|Any CPU
		{91FA648F-3D12-4BED-8AA3-A0CAC72FFB62}.Debug|x64.Build.0 = Debug|Any CPU
		{91FA648F-3D12-4BED-8AA3-A0CAC72FFB62}.Debug|x64.Deploy.0 = Debug|Any CPU
		{91FA648F-3D12-4BED-8AA3-A0CAC72FFB62}.Debug|x86.ActiveCfg = Debug|Any CPU
		{91FA648F-3D12-4BED-8AA3-A0CAC72FFB62}.Debug|x86.Build.0 = Debug|Any CPU
		{91FA648F-3D12-4BED-8AA3-A0CAC72FFB62}.Debug|x86.Deploy.0 = Debug|Any CPU
		{91FA648F-3D12-4BED-8AA3-A0CAC72FFB62}.iOS|Any CPU.ActiveCfg = Release|Any CPU
		{91FA648F-3D12-4BED-8AA3-A0CAC72FFB62}.iOS|Any CPU.Build.0 = Release|Any CPU
		{91FA648F-3D12-4BED-8AA3-A0CAC72FFB62}.iOS|Any CPU.Deploy.0 = Release|Any CPU
		{91FA648F-3D12-4BED-8AA3-A0CAC72FFB62}.iOS|ARM.ActiveCfg = Release|Any CPU
		{91FA648F-3D12-4BED-8AA3-A0CAC72FFB62}.iOS|ARM.Build.0 = Release|Any CPU
		{91FA648F-3D12-4BED-8AA3-A0CAC72FFB62}.iOS|ARM.Deploy.0 = Release|Any CPU
		{91FA648F-3D12-4BED-8AA3-A0CAC72FFB62}.iOS|x64.ActiveCfg = Release|Any CPU
		{91FA648F-3D12-4BED-8AA3-A0CAC72FFB62}.iOS|x64.Build.0 = Release|Any CPU
		{91FA648F-3D12-4BED-8AA3-A0CAC72FFB62}.iOS|x64.Deploy.0 = Release|Any CPU
		{91FA648F-3D12-4BED-8AA3-A0CAC72FFB62}.iOS|x86.ActiveCfg = Release|Any CPU
		{91FA648F-3D12-4BED-8AA3-A0CAC72FFB62}.iOS|x86.Build.0 = Release|Any CPU
		{91FA648F-3D12-4BED-8AA3-A0CAC72FFB62}.iOS|x86.Deploy.0 = Release|Any CPU
		{91FA648F-3D12-4BED-8AA3-A0CAC72FFB62}.Linux|Any CPU.ActiveCfg = Release|Any CPU
		{91FA648F-3D12-4BED-8AA3-A0CAC72FFB62}.Linux|Any CPU.Build.0 = Release|Any CPU
		{91FA648F-3D12-4BED-8AA3-A0CAC72FFB62}.Linux|Any CPU.Deploy.0 = Release|Any CPU
		{91FA648F-3D12-4BED-8AA3-A0CAC72FFB62}.Linux|ARM.ActiveCfg = Release|Any CPU
		{91FA648F-3D12-4BED-8AA3-A0CAC72FFB62}.Linux|ARM.Build.0 = Release|Any CPU
		{91FA648F-3D12-4BED-8AA3-A0CAC72FFB62}.Linux|ARM.Deploy.0 = Release|Any CPU
		{91FA648F-3D12-4BED-8AA3-A0CAC72FFB62}.Linux|x64.ActiveCfg = Release|Any CPU
		{91FA648F-3D12-4BED-8AA3-A0CAC72FFB62}.Linux|x64.Build.0 = Release|Any CPU
		{91FA648F-3D12-4BED-8AA3-A0CAC72FFB62}.Linux|x64.Deploy.0 = Release|Any CPU
		{91FA648F-3D12-4BED-8AA3-A0CAC72FFB62}.Linux|x86.ActiveCfg = Release|Any CPU
		{91FA648F-3D12-4BED-8AA3-A0CAC72FFB62}.Linux|x86.Build.0 = Release|Any CPU
		{91FA648F-3D12-4BED-8AA3-A0CAC72FFB62}.Linux|x86.Deploy.0 = Release|Any CPU
		{91FA648F-3D12-4BED-8AA3-A0CAC72FFB62}.OSX|Any CPU.ActiveCfg = Release|Any CPU
		{91FA648F-3D12-4BED-8AA3-A0CAC72FFB62}.OSX|Any CPU.Build.0 = Release|Any CPU
		{91FA648F-3D12-4BED-8AA3-A0CAC72FFB62}.OSX|Any CPU.Deploy.0 = Release|Any CPU
		{91FA648F-3D12-4BED-8AA3-A0CAC72FFB62}.OSX|ARM.ActiveCfg = Release|Any CPU
		{91FA648F-3D12-4BED-8AA3-A0CAC72FFB62}.OSX|ARM.Build.0 = Release|Any CPU
		{91FA648F-3D12-4BED-8AA3-A0CAC72FFB62}.OSX|ARM.Deploy.0 = Release|Any CPU
		{91FA648F-3D12-4BED-8AA3-A0CAC72FFB62}.OSX|x64.ActiveCfg = Release|Any CPU
		{91FA648F-3D12-4BED-8AA3-A0CAC72FFB62}.OSX|x64.Build.0 = Release|Any CPU
		{91FA648F-3D12-4BED-8AA3-A0CAC72FFB62}.OSX|x64.Deploy.0 = Release|Any CPU
		{91FA648F-3D12-4BED-8AA3-A0CAC72FFB62}.OSX|x86.ActiveCfg = Release|Any CPU
		{91FA648F-3D12-4BED-8AA3-A0CAC72FFB62}.OSX|x86.Build.0 = Release|Any CPU
		{91FA648F-3D12-4BED-8AA3-A0CAC72FFB62}.OSX|x86.Deploy.0 = Release|Any CPU
		{91FA648F-3D12-4BED-8AA3-A0CAC72FFB62}.PSM|Any CPU.ActiveCfg = Release|Any CPU
		{91FA648F-3D12-4BED-8AA3-A0CAC72FFB62}.PSM|Any CPU.Build.0 = Release|Any CPU
		{91FA648F-3D12-4BED-8AA3-A0CAC72FFB62}.PSM|Any CPU.Deploy.0 = Release|Any CPU
		{91FA648F-3D12-4BED-8AA3-A0CAC72FFB62}.PSM|ARM.ActiveCfg = Release|Any CPU
		{91FA648F-3D12-4BED-8AA3-A0CAC72FFB62}.PSM|ARM.Build.0 = Release|Any CPU
		{91FA648F-3D12-4BED-8AA3-A0CAC72FFB62}.PSM|ARM.Deploy.0 = Release|Any CPU
		{91FA648F-3D12-4BED-8AA3-A0CAC72FFB62}.PSM|x64.ActiveCfg = Release|Any CPU
		{91FA648F-3D12-4BED-8AA3-A0CAC72FFB62}.PSM|x64.Build.0 = Release|Any CPU
		{91FA648F-3D12-4BED-8AA3-A0CAC72FFB62}.PSM|x64.Deploy.0 = Release|Any CPU
		{91FA648F-3D12-4BED-8AA3-A0CAC72FFB62}.PSM|x86.ActiveCfg = Release|Any CPU
		{91FA648F-3D12-4BED-8AA3-A0CAC72FFB62}.PSM|x86.Build.0 = Release|Any CPU
		{91FA648F-3D12-4BED-8AA3-A0CAC72FFB62}.PSM|x86.Deploy.0 = Release|Any CPU
		{91FA648F-3D12-4BED-8AA3-A0CAC72FFB62}.Release|Any CPU.ActiveCfg = Release|Any CPU
		{91FA648F-3D12-4BED-8AA3-A0CAC72FFB62}.Release|Any CPU.Build.0 = Release|Any CPU
		{91FA648F-3D12-4BED-8AA3-A0CAC72FFB62}.Release|Any CPU.Deploy.0 = Release|Any CPU
		{91FA648F-3D12-4BED-8AA3-A0CAC72FFB62}.Release|ARM.ActiveCfg = Release|Any CPU
		{91FA648F-3D12-4BED-8AA3-A0CAC72FFB62}.Release|ARM.Build.0 = Release|Any CPU
		{91FA648F-3D12-4BED-8AA3-A0CAC72FFB62}.Release|ARM.Deploy.0 = Release|Any CPU
		{91FA648F-3D12-4BED-8AA3-A0CAC72FFB62}.Release|x64.ActiveCfg = Release|Any CPU
		{91FA648F-3D12-4BED-8AA3-A0CAC72FFB62}.Release|x64.Build.0 = Release|Any CPU
		{91FA648F-3D12-4BED-8AA3-A0CAC72FFB62}.Release|x64.Deploy.0 = Release|Any CPU
		{91FA648F-3D12-4BED-8AA3-A0CAC72FFB62}.Release|x86.ActiveCfg = Release|Any CPU
		{91FA648F-3D12-4BED-8AA3-A0CAC72FFB62}.Release|x86.Build.0 = Release|Any CPU
		{91FA648F-3D12-4BED-8AA3-A0CAC72FFB62}.Release|x86.Deploy.0 = Release|Any CPU
		{91FA648F-3D12-4BED-8AA3-A0CAC72FFB62}.Windows|Any CPU.ActiveCfg = Release|Any CPU
		{91FA648F-3D12-4BED-8AA3-A0CAC72FFB62}.Windows|Any CPU.Build.0 = Release|Any CPU
		{91FA648F-3D12-4BED-8AA3-A0CAC72FFB62}.Windows|Any CPU.Deploy.0 = Release|Any CPU
		{91FA648F-3D12-4BED-8AA3-A0CAC72FFB62}.Windows|ARM.ActiveCfg = Release|Any CPU
		{91FA648F-3D12-4BED-8AA3-A0CAC72FFB62}.Windows|ARM.Build.0 = Release|Any CPU
		{91FA648F-3D12-4BED-8AA3-A0CAC72FFB62}.Windows|ARM.Deploy.0 = Release|Any CPU
		{91FA648F-3D12-4BED-8AA3-A0CAC72FFB62}.Windows|x64.ActiveCfg = Release|Any CPU
		{91FA648F-3D12-4BED-8AA3-A0CAC72FFB62}.Windows|x64.Build.0 = Release|Any CPU
		{91FA648F-3D12-4BED-8AA3-A0CAC72FFB62}.Windows|x64.Deploy.0 = Release|Any CPU
		{91FA648F-3D12-4BED-8AA3-A0CAC72FFB62}.Windows|x86.ActiveCfg = Release|Any CPU
		{91FA648F-3D12-4BED-8AA3-A0CAC72FFB62}.Windows|x86.Build.0 = Release|Any CPU
		{91FA648F-3D12-4BED-8AA3-A0CAC72FFB62}.Windows|x86.Deploy.0 = Release|Any CPU
		{91FA648F-3D12-4BED-8AA3-A0CAC72FFB62}.Windows8|Any CPU.ActiveCfg = Release|Any CPU
		{91FA648F-3D12-4BED-8AA3-A0CAC72FFB62}.Windows8|Any CPU.Build.0 = Release|Any CPU
		{91FA648F-3D12-4BED-8AA3-A0CAC72FFB62}.Windows8|Any CPU.Deploy.0 = Release|Any CPU
		{91FA648F-3D12-4BED-8AA3-A0CAC72FFB62}.Windows8|ARM.ActiveCfg = Release|Any CPU
		{91FA648F-3D12-4BED-8AA3-A0CAC72FFB62}.Windows8|ARM.Build.0 = Release|Any CPU
		{91FA648F-3D12-4BED-8AA3-A0CAC72FFB62}.Windows8|ARM.Deploy.0 = Release|Any CPU
		{91FA648F-3D12-4BED-8AA3-A0CAC72FFB62}.Windows8|x64.ActiveCfg = Release|Any CPU
		{91FA648F-3D12-4BED-8AA3-A0CAC72FFB62}.Windows8|x64.Build.0 = Release|Any CPU
		{91FA648F-3D12-4BED-8AA3-A0CAC72FFB62}.Windows8|x64.Deploy.0 = Release|Any CPU
		{91FA648F-3D12-4BED-8AA3-A0CAC72FFB62}.Windows8|x86.ActiveCfg = Release|Any CPU
		{91FA648F-3D12-4BED-8AA3-A0CAC72FFB62}.Windows8|x86.Build.0 = Release|Any CPU
		{91FA648F-3D12-4BED-8AA3-A0CAC72FFB62}.Windows8|x86.Deploy.0 = Release|Any CPU
		{B4E2920D-489E-43E7-A671-B1BA5EC19C47}.Android|Any CPU.ActiveCfg = Release|x64
		{B4E2920D-489E-43E7-A671-B1BA5EC19C47}.Android|Any CPU.Build.0 = Release|x64
		{B4E2920D-489E-43E7-A671-B1BA5EC19C47}.Android|Any CPU.Deploy.0 = Release|x64
		{B4E2920D-489E-43E7-A671-B1BA5EC19C47}.Android|ARM.ActiveCfg = Release|ARM
		{B4E2920D-489E-43E7-A671-B1BA5EC19C47}.Android|ARM.Build.0 = Release|ARM
		{B4E2920D-489E-43E7-A671-B1BA5EC19C47}.Android|ARM.Deploy.0 = Release|ARM
		{B4E2920D-489E-43E7-A671-B1BA5EC19C47}.Android|x64.ActiveCfg = Release|x64
		{B4E2920D-489E-43E7-A671-B1BA5EC19C47}.Android|x64.Build.0 = Release|x64
		{B4E2920D-489E-43E7-A671-B1BA5EC19C47}.Android|x64.Deploy.0 = Release|x64
		{B4E2920D-489E-43E7-A671-B1BA5EC19C47}.Android|x86.ActiveCfg = Release|x86
		{B4E2920D-489E-43E7-A671-B1BA5EC19C47}.Android|x86.Build.0 = Release|x86
		{B4E2920D-489E-43E7-A671-B1BA5EC19C47}.Android|x86.Deploy.0 = Release|x86
		{B4E2920D-489E-43E7-A671-B1BA5EC19C47}.Debug|Any CPU.ActiveCfg = Debug|x86
		{B4E2920D-489E-43E7-A671-B1BA5EC19C47}.Debug|Any CPU.Build.0 = Debug|x86
		{B4E2920D-489E-43E7-A671-B1BA5EC19C47}.Debug|Any CPU.Deploy.0 = Debug|x86
		{B4E2920D-489E-43E7-A671-B1BA5EC19C47}.Debug|ARM.ActiveCfg = Debug|ARM
		{B4E2920D-489E-43E7-A671-B1BA5EC19C47}.Debug|ARM.Build.0 = Debug|ARM
		{B4E2920D-489E-43E7-A671-B1BA5EC19C47}.Debug|ARM.Deploy.0 = Debug|ARM
		{B4E2920D-489E-43E7-A671-B1BA5EC19C47}.Debug|x64.ActiveCfg = Debug|x64
		{B4E2920D-489E-43E7-A671-B1BA5EC19C47}.Debug|x64.Build.0 = Debug|x64
		{B4E2920D-489E-43E7-A671-B1BA5EC19C47}.Debug|x64.Deploy.0 = Debug|x64
		{B4E2920D-489E-43E7-A671-B1BA5EC19C47}.Debug|x86.ActiveCfg = Debug|x86
		{B4E2920D-489E-43E7-A671-B1BA5EC19C47}.Debug|x86.Build.0 = Debug|x86
		{B4E2920D-489E-43E7-A671-B1BA5EC19C47}.Debug|x86.Deploy.0 = Debug|x86
		{B4E2920D-489E-43E7-A671-B1BA5EC19C47}.iOS|Any CPU.ActiveCfg = Release|x64
		{B4E2920D-489E-43E7-A671-B1BA5EC19C47}.iOS|Any CPU.Build.0 = Release|x64
		{B4E2920D-489E-43E7-A671-B1BA5EC19C47}.iOS|Any CPU.Deploy.0 = Release|x64
		{B4E2920D-489E-43E7-A671-B1BA5EC19C47}.iOS|ARM.ActiveCfg = Release|ARM
		{B4E2920D-489E-43E7-A671-B1BA5EC19C47}.iOS|ARM.Build.0 = Release|ARM
		{B4E2920D-489E-43E7-A671-B1BA5EC19C47}.iOS|ARM.Deploy.0 = Release|ARM
		{B4E2920D-489E-43E7-A671-B1BA5EC19C47}.iOS|x64.ActiveCfg = Release|x64
		{B4E2920D-489E-43E7-A671-B1BA5EC19C47}.iOS|x64.Build.0 = Release|x64
		{B4E2920D-489E-43E7-A671-B1BA5EC19C47}.iOS|x64.Deploy.0 = Release|x64
		{B4E2920D-489E-43E7-A671-B1BA5EC19C47}.iOS|x86.ActiveCfg = Release|x86
		{B4E2920D-489E-43E7-A671-B1BA5EC19C47}.iOS|x86.Build.0 = Release|x86
		{B4E2920D-489E-43E7-A671-B1BA5EC19C47}.iOS|x86.Deploy.0 = Release|x86
		{B4E2920D-489E-43E7-A671-B1BA5EC19C47}.Linux|Any CPU.ActiveCfg = Release|x64
		{B4E2920D-489E-43E7-A671-B1BA5EC19C47}.Linux|Any CPU.Build.0 = Release|x64
		{B4E2920D-489E-43E7-A671-B1BA5EC19C47}.Linux|Any CPU.Deploy.0 = Release|x64
		{B4E2920D-489E-43E7-A671-B1BA5EC19C47}.Linux|ARM.ActiveCfg = Release|ARM
		{B4E2920D-489E-43E7-A671-B1BA5EC19C47}.Linux|ARM.Build.0 = Release|ARM
		{B4E2920D-489E-43E7-A671-B1BA5EC19C47}.Linux|ARM.Deploy.0 = Release|ARM
		{B4E2920D-489E-43E7-A671-B1BA5EC19C47}.Linux|x64.ActiveCfg = Release|x64
		{B4E2920D-489E-43E7-A671-B1BA5EC19C47}.Linux|x64.Build.0 = Release|x64
		{B4E2920D-489E-43E7-A671-B1BA5EC19C47}.Linux|x64.Deploy.0 = Release|x64
		{B4E2920D-489E-43E7-A671-B1BA5EC19C47}.Linux|x86.ActiveCfg = Release|x86
		{B4E2920D-489E-43E7-A671-B1BA5EC19C47}.Linux|x86.Build.0 = Release|x86
		{B4E2920D-489E-43E7-A671-B1BA5EC19C47}.Linux|x86.Deploy.0 = Release|x86
		{B4E2920D-489E-43E7-A671-B1BA5EC19C47}.OSX|Any CPU.ActiveCfg = Release|x64
		{B4E2920D-489E-43E7-A671-B1BA5EC19C47}.OSX|Any CPU.Build.0 = Release|x64
		{B4E2920D-489E-43E7-A671-B1BA5EC19C47}.OSX|Any CPU.Deploy.0 = Release|x64
		{B4E2920D-489E-43E7-A671-B1BA5EC19C47}.OSX|ARM.ActiveCfg = Release|ARM
		{B4E2920D-489E-43E7-A671-B1BA5EC19C47}.OSX|ARM.Build.0 = Release|ARM
		{B4E2920D-489E-43E7-A671-B1BA5EC19C47}.OSX|ARM.Deploy.0 = Release|ARM
		{B4E2920D-489E-43E7-A671-B1BA5EC19C47}.OSX|x64.ActiveCfg = Release|x64
		{B4E2920D-489E-43E7-A671-B1BA5EC19C47}.OSX|x64.Build.0 = Release|x64
		{B4E2920D-489E-43E7-A671-B1BA5EC19C47}.OSX|x64.Deploy.0 = Release|x64
		{B4E2920D-489E-43E7-A671-B1BA5EC19C47}.OSX|x86.ActiveCfg = Release|x86
		{B4E2920D-489E-43E7-A671-B1BA5EC19C47}.OSX|x86.Build.0 = Release|x86
		{B4E2920D-489E-43E7-A671-B1BA5EC19C47}.OSX|x86.Deploy.0 = Release|x86
		{B4E2920D-489E-43E7-A671-B1BA5EC19C47}.PSM|Any CPU.ActiveCfg = Release|x64
		{B4E2920D-489E-43E7-A671-B1BA5EC19C47}.PSM|Any CPU.Build.0 = Release|x64
		{B4E2920D-489E-43E7-A671-B1BA5EC19C47}.PSM|Any CPU.Deploy.0 = Release|x64
		{B4E2920D-489E-43E7-A671-B1BA5EC19C47}.PSM|ARM.ActiveCfg = Release|ARM
		{B4E2920D-489E-43E7-A671-B1BA5EC19C47}.PSM|ARM.Build.0 = Release|ARM
		{B4E2920D-489E-43E7-A671-B1BA5EC19C47}.PSM|ARM.Deploy.0 = Release|ARM
		{B4E2920D-489E-43E7-A671-B1BA5EC19C47}.PSM|x64.ActiveCfg = Release|x64
		{B4E2920D-489E-43E7-A671-B1BA5EC19C47}.PSM|x64.Build.0 = Release|x64
		{B4E2920D-489E-43E7-A671-B1BA5EC19C47}.PSM|x64.Deploy.0 = Release|x64
		{B4E2920D-489E-43E7-A671-B1BA5EC19C47}.PSM|x86.ActiveCfg = Release|x86
		{B4E2920D-489E-43E7-A671-B1BA5EC19C47}.PSM|x86.Build.0 = Release|x86
		{B4E2920D-489E-43E7-A671-B1BA5EC19C47}.PSM|x86.Deploy.0 = Release|x86
		{B4E2920D-489E-43E7-A671-B1BA5EC19C47}.Release|Any CPU.ActiveCfg = Release|x86
		{B4E2920D-489E-43E7-A671-B1BA5EC19C47}.Release|Any CPU.Build.0 = Release|x86
		{B4E2920D-489E-43E7-A671-B1BA5EC19C47}.Release|Any CPU.Deploy.0 = Release|x86
		{B4E2920D-489E-43E7-A671-B1BA5EC19C47}.Release|ARM.ActiveCfg = Release|ARM
		{B4E2920D-489E-43E7-A671-B1BA5EC19C47}.Release|ARM.Build.0 = Release|ARM
		{B4E2920D-489E-43E7-A671-B1BA5EC19C47}.Release|ARM.Deploy.0 = Release|ARM
		{B4E2920D-489E-43E7-A671-B1BA5EC19C47}.Release|x64.ActiveCfg = Release|x64
		{B4E2920D-489E-43E7-A671-B1BA5EC19C47}.Release|x64.Build.0 = Release|x64
		{B4E2920D-489E-43E7-A671-B1BA5EC19C47}.Release|x64.Deploy.0 = Release|x64
		{B4E2920D-489E-43E7-A671-B1BA5EC19C47}.Release|x86.ActiveCfg = Release|x86
		{B4E2920D-489E-43E7-A671-B1BA5EC19C47}.Release|x86.Build.0 = Release|x86
		{B4E2920D-489E-43E7-A671-B1BA5EC19C47}.Release|x86.Deploy.0 = Release|x86
		{B4E2920D-489E-43E7-A671-B1BA5EC19C47}.Windows|Any CPU.ActiveCfg = Release|x64
		{B4E2920D-489E-43E7-A671-B1BA5EC19C47}.Windows|Any CPU.Build.0 = Release|x64
		{B4E2920D-489E-43E7-A671-B1BA5EC19C47}.Windows|Any CPU.Deploy.0 = Release|x64
		{B4E2920D-489E-43E7-A671-B1BA5EC19C47}.Windows|ARM.ActiveCfg = Release|ARM
		{B4E2920D-489E-43E7-A671-B1BA5EC19C47}.Windows|ARM.Build.0 = Release|ARM
		{B4E2920D-489E-43E7-A671-B1BA5EC19C47}.Windows|ARM.Deploy.0 = Release|ARM
		{B4E2920D-489E-43E7-A671-B1BA5EC19C47}.Windows|x64.ActiveCfg = Release|x64
		{B4E2920D-489E-43E7-A671-B1BA5EC19C47}.Windows|x64.Build.0 = Release|x64
		{B4E2920D-489E-43E7-A671-B1BA5EC19C47}.Windows|x64.Deploy.0 = Release|x64
		{B4E2920D-489E-43E7-A671-B1BA5EC19C47}.Windows|x86.ActiveCfg = Release|x86
		{B4E2920D-489E-43E7-A671-B1BA5EC19C47}.Windows|x86.Build.0 = Release|x86
		{B4E2920D-489E-43E7-A671-B1BA5EC19C47}.Windows|x86.Deploy.0 = Release|x86
		{B4E2920D-489E-43E7-A671-B1BA5EC19C47}.Windows8|Any CPU.ActiveCfg = Release|x64
		{B4E2920D-489E-43E7-A671-B1BA5EC19C47}.Windows8|Any CPU.Build.0 = Release|x64
		{B4E2920D-489E-43E7-A671-B1BA5EC19C47}.Windows8|Any CPU.Deploy.0 = Release|x64
		{B4E2920D-489E-43E7-A671-B1BA5EC19C47}.Windows8|ARM.ActiveCfg = Release|ARM
		{B4E2920D-489E-43E7-A671-B1BA5EC19C47}.Windows8|ARM.Build.0 = Release|ARM
		{B4E2920D-489E-43E7-A671-B1BA5EC19C47}.Windows8|ARM.Deploy.0 = Release|ARM
		{B4E2920D-489E-43E7-A671-B1BA5EC19C47}.Windows8|x64.ActiveCfg = Release|x64
		{B4E2920D-489E-43E7-A671-B1BA5EC19C47}.Windows8|x64.Build.0 = Release|x64
		{B4E2920D-489E-43E7-A671-B1BA5EC19C47}.Windows8|x64.Deploy.0 = Release|x64
		{B4E2920D-489E-43E7-A671-B1BA5EC19C47}.Windows8|x86.ActiveCfg = Release|x86
		{B4E2920D-489E-43E7-A671-B1BA5EC19C47}.Windows8|x86.Build.0 = Release|x86
		{B4E2920D-489E-43E7-A671-B1BA5EC19C47}.Windows8|x86.Deploy.0 = Release|x86
		{AC1DF8F5-48B4-44F9-A6E3-0F71D061321C}.Android|Any CPU.ActiveCfg = Release|Any CPU
		{AC1DF8F5-48B4-44F9-A6E3-0F71D061321C}.Android|Any CPU.Build.0 = Release|Any CPU
		{AC1DF8F5-48B4-44F9-A6E3-0F71D061321C}.Android|Any CPU.Deploy.0 = Release|Any CPU
		{AC1DF8F5-48B4-44F9-A6E3-0F71D061321C}.Android|ARM.ActiveCfg = Release|ARM
		{AC1DF8F5-48B4-44F9-A6E3-0F71D061321C}.Android|ARM.Build.0 = Release|ARM
		{AC1DF8F5-48B4-44F9-A6E3-0F71D061321C}.Android|ARM.Deploy.0 = Release|ARM
		{AC1DF8F5-48B4-44F9-A6E3-0F71D061321C}.Android|x64.ActiveCfg = Release|Any CPU
		{AC1DF8F5-48B4-44F9-A6E3-0F71D061321C}.Android|x64.Build.0 = Release|Any CPU
		{AC1DF8F5-48B4-44F9-A6E3-0F71D061321C}.Android|x64.Deploy.0 = Release|Any CPU
		{AC1DF8F5-48B4-44F9-A6E3-0F71D061321C}.Android|x86.ActiveCfg = Release|x86
		{AC1DF8F5-48B4-44F9-A6E3-0F71D061321C}.Android|x86.Build.0 = Release|x86
		{AC1DF8F5-48B4-44F9-A6E3-0F71D061321C}.Android|x86.Deploy.0 = Release|x86
		{AC1DF8F5-48B4-44F9-A6E3-0F71D061321C}.Debug|Any CPU.ActiveCfg = Debug|Any CPU
		{AC1DF8F5-48B4-44F9-A6E3-0F71D061321C}.Debug|Any CPU.Build.0 = Debug|Any CPU
		{AC1DF8F5-48B4-44F9-A6E3-0F71D061321C}.Debug|Any CPU.Deploy.0 = Debug|Any CPU
		{AC1DF8F5-48B4-44F9-A6E3-0F71D061321C}.Debug|ARM.ActiveCfg = Debug|ARM
		{AC1DF8F5-48B4-44F9-A6E3-0F71D061321C}.Debug|ARM.Build.0 = Debug|ARM
		{AC1DF8F5-48B4-44F9-A6E3-0F71D061321C}.Debug|ARM.Deploy.0 = Debug|ARM
		{AC1DF8F5-48B4-44F9-A6E3-0F71D061321C}.Debug|x64.ActiveCfg = Debug|Any CPU
		{AC1DF8F5-48B4-44F9-A6E3-0F71D061321C}.Debug|x64.Build.0 = Debug|Any CPU
		{AC1DF8F5-48B4-44F9-A6E3-0F71D061321C}.Debug|x64.Deploy.0 = Debug|Any CPU
		{AC1DF8F5-48B4-44F9-A6E3-0F71D061321C}.Debug|x86.ActiveCfg = Debug|x86
		{AC1DF8F5-48B4-44F9-A6E3-0F71D061321C}.Debug|x86.Build.0 = Debug|x86
		{AC1DF8F5-48B4-44F9-A6E3-0F71D061321C}.Debug|x86.Deploy.0 = Debug|x86
		{AC1DF8F5-48B4-44F9-A6E3-0F71D061321C}.iOS|Any CPU.ActiveCfg = Release|Any CPU
		{AC1DF8F5-48B4-44F9-A6E3-0F71D061321C}.iOS|Any CPU.Build.0 = Release|Any CPU
		{AC1DF8F5-48B4-44F9-A6E3-0F71D061321C}.iOS|Any CPU.Deploy.0 = Release|Any CPU
		{AC1DF8F5-48B4-44F9-A6E3-0F71D061321C}.iOS|ARM.ActiveCfg = Release|ARM
		{AC1DF8F5-48B4-44F9-A6E3-0F71D061321C}.iOS|ARM.Build.0 = Release|ARM
		{AC1DF8F5-48B4-44F9-A6E3-0F71D061321C}.iOS|ARM.Deploy.0 = Release|ARM
		{AC1DF8F5-48B4-44F9-A6E3-0F71D061321C}.iOS|x64.ActiveCfg = Release|Any CPU
		{AC1DF8F5-48B4-44F9-A6E3-0F71D061321C}.iOS|x64.Build.0 = Release|Any CPU
		{AC1DF8F5-48B4-44F9-A6E3-0F71D061321C}.iOS|x64.Deploy.0 = Release|Any CPU
		{AC1DF8F5-48B4-44F9-A6E3-0F71D061321C}.iOS|x86.ActiveCfg = Release|x86
		{AC1DF8F5-48B4-44F9-A6E3-0F71D061321C}.iOS|x86.Build.0 = Release|x86
		{AC1DF8F5-48B4-44F9-A6E3-0F71D061321C}.iOS|x86.Deploy.0 = Release|x86
		{AC1DF8F5-48B4-44F9-A6E3-0F71D061321C}.Linux|Any CPU.ActiveCfg = Release|Any CPU
		{AC1DF8F5-48B4-44F9-A6E3-0F71D061321C}.Linux|Any CPU.Build.0 = Release|Any CPU
		{AC1DF8F5-48B4-44F9-A6E3-0F71D061321C}.Linux|Any CPU.Deploy.0 = Release|Any CPU
		{AC1DF8F5-48B4-44F9-A6E3-0F71D061321C}.Linux|ARM.ActiveCfg = Release|ARM
		{AC1DF8F5-48B4-44F9-A6E3-0F71D061321C}.Linux|ARM.Build.0 = Release|ARM
		{AC1DF8F5-48B4-44F9-A6E3-0F71D061321C}.Linux|ARM.Deploy.0 = Release|ARM
		{AC1DF8F5-48B4-44F9-A6E3-0F71D061321C}.Linux|x64.ActiveCfg = Release|Any CPU
		{AC1DF8F5-48B4-44F9-A6E3-0F71D061321C}.Linux|x64.Build.0 = Release|Any CPU
		{AC1DF8F5-48B4-44F9-A6E3-0F71D061321C}.Linux|x64.Deploy.0 = Release|Any CPU
		{AC1DF8F5-48B4-44F9-A6E3-0F71D061321C}.Linux|x86.ActiveCfg = Release|x86
		{AC1DF8F5-48B4-44F9-A6E3-0F71D061321C}.Linux|x86.Build.0 = Release|x86
		{AC1DF8F5-48B4-44F9-A6E3-0F71D061321C}.Linux|x86.Deploy.0 = Release|x86
		{AC1DF8F5-48B4-44F9-A6E3-0F71D061321C}.OSX|Any CPU.ActiveCfg = Release|Any CPU
		{AC1DF8F5-48B4-44F9-A6E3-0F71D061321C}.OSX|Any CPU.Build.0 = Release|Any CPU
		{AC1DF8F5-48B4-44F9-A6E3-0F71D061321C}.OSX|Any CPU.Deploy.0 = Release|Any CPU
		{AC1DF8F5-48B4-44F9-A6E3-0F71D061321C}.OSX|ARM.ActiveCfg = Release|ARM
		{AC1DF8F5-48B4-44F9-A6E3-0F71D061321C}.OSX|ARM.Build.0 = Release|ARM
		{AC1DF8F5-48B4-44F9-A6E3-0F71D061321C}.OSX|ARM.Deploy.0 = Release|ARM
		{AC1DF8F5-48B4-44F9-A6E3-0F71D061321C}.OSX|x64.ActiveCfg = Release|Any CPU
		{AC1DF8F5-48B4-44F9-A6E3-0F71D061321C}.OSX|x64.Build.0 = Release|Any CPU
		{AC1DF8F5-48B4-44F9-A6E3-0F71D061321C}.OSX|x64.Deploy.0 = Release|Any CPU
		{AC1DF8F5-48B4-44F9-A6E3-0F71D061321C}.OSX|x86.ActiveCfg = Release|x86
		{AC1DF8F5-48B4-44F9-A6E3-0F71D061321C}.OSX|x86.Build.0 = Release|x86
		{AC1DF8F5-48B4-44F9-A6E3-0F71D061321C}.OSX|x86.Deploy.0 = Release|x86
		{AC1DF8F5-48B4-44F9-A6E3-0F71D061321C}.PSM|Any CPU.ActiveCfg = Release|Any CPU
		{AC1DF8F5-48B4-44F9-A6E3-0F71D061321C}.PSM|Any CPU.Build.0 = Release|Any CPU
		{AC1DF8F5-48B4-44F9-A6E3-0F71D061321C}.PSM|Any CPU.Deploy.0 = Release|Any CPU
		{AC1DF8F5-48B4-44F9-A6E3-0F71D061321C}.PSM|ARM.ActiveCfg = Release|ARM
		{AC1DF8F5-48B4-44F9-A6E3-0F71D061321C}.PSM|ARM.Build.0 = Release|ARM
		{AC1DF8F5-48B4-44F9-A6E3-0F71D061321C}.PSM|ARM.Deploy.0 = Release|ARM
		{AC1DF8F5-48B4-44F9-A6E3-0F71D061321C}.PSM|x64.ActiveCfg = Release|Any CPU
		{AC1DF8F5-48B4-44F9-A6E3-0F71D061321C}.PSM|x64.Build.0 = Release|Any CPU
		{AC1DF8F5-48B4-44F9-A6E3-0F71D061321C}.PSM|x64.Deploy.0 = Release|Any CPU
		{AC1DF8F5-48B4-44F9-A6E3-0F71D061321C}.PSM|x86.ActiveCfg = Release|x86
		{AC1DF8F5-48B4-44F9-A6E3-0F71D061321C}.PSM|x86.Build.0 = Release|x86
		{AC1DF8F5-48B4-44F9-A6E3-0F71D061321C}.PSM|x86.Deploy.0 = Release|x86
		{AC1DF8F5-48B4-44F9-A6E3-0F71D061321C}.Release|Any CPU.ActiveCfg = Release|Any CPU
		{AC1DF8F5-48B4-44F9-A6E3-0F71D061321C}.Release|Any CPU.Build.0 = Release|Any CPU
		{AC1DF8F5-48B4-44F9-A6E3-0F71D061321C}.Release|Any CPU.Deploy.0 = Release|Any CPU
		{AC1DF8F5-48B4-44F9-A6E3-0F71D061321C}.Release|ARM.ActiveCfg = Release|ARM
		{AC1DF8F5-48B4-44F9-A6E3-0F71D061321C}.Release|ARM.Build.0 = Release|ARM
		{AC1DF8F5-48B4-44F9-A6E3-0F71D061321C}.Release|ARM.Deploy.0 = Release|ARM
		{AC1DF8F5-48B4-44F9-A6E3-0F71D061321C}.Release|x64.ActiveCfg = Release|Any CPU
		{AC1DF8F5-48B4-44F9-A6E3-0F71D061321C}.Release|x64.Build.0 = Release|Any CPU
		{AC1DF8F5-48B4-44F9-A6E3-0F71D061321C}.Release|x64.Deploy.0 = Release|Any CPU
		{AC1DF8F5-48B4-44F9-A6E3-0F71D061321C}.Release|x86.ActiveCfg = Release|x86
		{AC1DF8F5-48B4-44F9-A6E3-0F71D061321C}.Release|x86.Build.0 = Release|x86
		{AC1DF8F5-48B4-44F9-A6E3-0F71D061321C}.Release|x86.Deploy.0 = Release|x86
		{AC1DF8F5-48B4-44F9-A6E3-0F71D061321C}.Windows|Any CPU.ActiveCfg = Release|Any CPU
		{AC1DF8F5-48B4-44F9-A6E3-0F71D061321C}.Windows|Any CPU.Build.0 = Release|Any CPU
		{AC1DF8F5-48B4-44F9-A6E3-0F71D061321C}.Windows|Any CPU.Deploy.0 = Release|Any CPU
		{AC1DF8F5-48B4-44F9-A6E3-0F71D061321C}.Windows|ARM.ActiveCfg = Release|ARM
		{AC1DF8F5-48B4-44F9-A6E3-0F71D061321C}.Windows|ARM.Build.0 = Release|ARM
		{AC1DF8F5-48B4-44F9-A6E3-0F71D061321C}.Windows|ARM.Deploy.0 = Release|ARM
		{AC1DF8F5-48B4-44F9-A6E3-0F71D061321C}.Windows|x64.ActiveCfg = Release|Any CPU
		{AC1DF8F5-48B4-44F9-A6E3-0F71D061321C}.Windows|x64.Build.0 = Release|Any CPU
		{AC1DF8F5-48B4-44F9-A6E3-0F71D061321C}.Windows|x64.Deploy.0 = Release|Any CPU
		{AC1DF8F5-48B4-44F9-A6E3-0F71D061321C}.Windows|x86.ActiveCfg = Release|x86
		{AC1DF8F5-48B4-44F9-A6E3-0F71D061321C}.Windows|x86.Build.0 = Release|x86
		{AC1DF8F5-48B4-44F9-A6E3-0F71D061321C}.Windows|x86.Deploy.0 = Release|x86
		{AC1DF8F5-48B4-44F9-A6E3-0F71D061321C}.Windows8|Any CPU.ActiveCfg = Release|Any CPU
		{AC1DF8F5-48B4-44F9-A6E3-0F71D061321C}.Windows8|Any CPU.Build.0 = Release|Any CPU
		{AC1DF8F5-48B4-44F9-A6E3-0F71D061321C}.Windows8|Any CPU.Deploy.0 = Release|Any CPU
		{AC1DF8F5-48B4-44F9-A6E3-0F71D061321C}.Windows8|ARM.ActiveCfg = Release|ARM
		{AC1DF8F5-48B4-44F9-A6E3-0F71D061321C}.Windows8|ARM.Build.0 = Release|ARM
		{AC1DF8F5-48B4-44F9-A6E3-0F71D061321C}.Windows8|ARM.Deploy.0 = Release|ARM
		{AC1DF8F5-48B4-44F9-A6E3-0F71D061321C}.Windows8|x64.ActiveCfg = Release|Any CPU
		{AC1DF8F5-48B4-44F9-A6E3-0F71D061321C}.Windows8|x64.Build.0 = Release|Any CPU
		{AC1DF8F5-48B4-44F9-A6E3-0F71D061321C}.Windows8|x64.Deploy.0 = Release|Any CPU
		{AC1DF8F5-48B4-44F9-A6E3-0F71D061321C}.Windows8|x86.ActiveCfg = Release|x86
		{AC1DF8F5-48B4-44F9-A6E3-0F71D061321C}.Windows8|x86.Build.0 = Release|x86
		{AC1DF8F5-48B4-44F9-A6E3-0F71D061321C}.Windows8|x86.Deploy.0 = Release|x86
	EndGlobalSection
	GlobalSection(SolutionProperties) = preSolution
		HideSolutionNode = FALSE
	EndGlobalSection
EndGlobal
